
Microsoft Visual Studio Solution File, Format Version 12.00
# Visual Studio Version 17
VisualStudioVersion = 17.9.34723.18
MinimumVisualStudioVersion = 10.0.40219.1
Project("{FAE04EC0-301F-11D3-BF4B-00C04F79EFBC}") = "opencvsharp_cam", "opencvsharp_cam\opencvsharp_cam.csproj", "{9D91C9E5-E9FE-482C-AF4C-4EE8CE1F5228}"
EndProject
Global
	GlobalSection(SolutionConfigurationPlatforms) = preSolution
		Debug|Any CPU = Debug|Any CPU
		Release|Any CPU = Release|Any CPU
	EndGlobalSection
	GlobalSection(ProjectConfigurationPlatforms) = postSolution
		{9D91C9E5-E9FE-482C-AF4C-4EE8CE1F5228}.Debug|Any CPU.ActiveCfg = Debug|Any CPU
		{9D91C9E5-E9FE-482C-AF4C-4EE8CE1F5228}.Debug|Any CPU.Build.0 = Debug|Any CPU
		{9D91C9E5-E9FE-482C-AF4C-4EE8CE1F5228}.Release|Any CPU.ActiveCfg = Release|Any CPU
		{9D91C9E5-E9FE-482C-AF4C-4EE8CE1F5228}.Release|Any CPU.Build.0 = Release|Any CPU
	EndGlobalSection
	GlobalSection(SolutionProperties) = preSolution
		HideSolutionNode = FALSE
	EndGlobalSection
	GlobalSection(ExtensibilityGlobals) = postSolution
		SolutionGuid = {B81B7651-3A10-47CE-AE74-4953FE4B6153}
	EndGlobalSection
EndGlobal
